// !$*UTF8*$!
{
	archiveVersion = 1;
	classes = {
	};
	objectVersion = 56;
	objects = {

/* Begin PBXBuildFile section */
		930E0A9729ED89730047BE91 /* ToDoAlmirApp.swift in Sources */ = {isa = PBXBuildFile; fileRef = 930E0A9629ED89730047BE91 /* ToDoAlmirApp.swift */; };
		930E0A9929ED89730047BE91 /* ContentView.swift in Sources */ = {isa = PBXBuildFile; fileRef = 930E0A9829ED89730047BE91 /* ContentView.swift */; };
		930E0A9B29ED89740047BE91 /* Assets.xcassets in Resources */ = {isa = PBXBuildFile; fileRef = 930E0A9A29ED89740047BE91 /* Assets.xcassets */; };
		930E0A9E29ED89740047BE91 /* Preview Assets.xcassets in Resources */ = {isa = PBXBuildFile; fileRef = 930E0A9D29ED89740047BE91 /* Preview Assets.xcassets */; };
		930E0AA529ED89C70047BE91 /* TasksView.swift in Sources */ = {isa = PBXBuildFile; fileRef = 930E0AA429ED89C70047BE91 /* TasksView.swift */; };
		930E0AA929ED8B0F0047BE91 /* TaskRow.swift in Sources */ = {isa = PBXBuildFile; fileRef = 930E0AA829ED8B0F0047BE91 /* TaskRow.swift */; };
		930E0AAB29ED942D0047BE91 /* AddTaskView.swift in Sources */ = {isa = PBXBuildFile; fileRef = 930E0AAA29ED942D0047BE91 /* AddTaskView.swift */; };
		930E0AAD29ED96660047BE91 /* SmallAddButton.swift in Sources */ = {isa = PBXBuildFile; fileRef = 930E0AAC29ED96660047BE91 /* SmallAddButton.swift */; };
		930E0AB029ED9AA40047BE91 /* Realm in Frameworks */ = {isa = PBXBuildFile; productRef = 930E0AAF29ED9AA40047BE91 /* Realm */; };
		930E0AB229ED9AA40047BE91 /* RealmSwift in Frameworks */ = {isa = PBXBuildFile; productRef = 930E0AB129ED9AA40047BE91 /* RealmSwift */; };
		930E0AB429ED9AE30047BE91 /* RealmManager.swift in Sources */ = {isa = PBXBuildFile; fileRef = 930E0AB329ED9AE30047BE91 /* RealmManager.swift */; };
		930E0AB629ED9BF40047BE91 /* Task.swift in Sources */ = {isa = PBXBuildFile; fileRef = 930E0AB529ED9BF40047BE91 /* Task.swift */; };
/* End PBXBuildFile section */

/* Begin PBXFileReference section */
		930E0A9329ED89730047BE91 /* ToDoAlmir.app */ = {isa = PBXFileReference; explicitFileType = wrapper.application; includeInIndex = 0; path = ToDoAlmir.app; sourceTree = BUILT_PRODUCTS_DIR; };
		930E0A9629ED89730047BE91 /* ToDoAlmirApp.swift */ = {isa = PBXFileReference; lastKnownFileType = sourcecode.swift; path = ToDoAlmirApp.swift; sourceTree = "<group>"; };
		930E0A9829ED89730047BE91 /* ContentView.swift */ = {isa = PBXFileReference; lastKnownFileType = sourcecode.swift; path = ContentView.swift; sourceTree = "<group>"; };
		930E0A9A29ED89740047BE91 /* Assets.xcassets */ = {isa = PBXFileReference; lastKnownFileType = folder.assetcatalog; path = Assets.xcassets; sourceTree = "<group>"; };
		930E0A9D29ED89740047BE91 /* Preview Assets.xcassets */ = {isa = PBXFileReference; lastKnownFileType = folder.assetcatalog; path = "Preview Assets.xcassets"; sourceTree = "<group>"; };
		930E0AA429ED89C70047BE91 /* TasksView.swift */ = {isa = PBXFileReference; lastKnownFileType = sourcecode.swift; path = TasksView.swift; sourceTree = "<group>"; };
		930E0AA829ED8B0F0047BE91 /* TaskRow.swift */ = {isa = PBXFileReference; lastKnownFileType = sourcecode.swift; path = TaskRow.swift; sourceTree = "<group>"; };
		930E0AAA29ED942D0047BE91 /* AddTaskView.swift */ = {isa = PBXFileReference; lastKnownFileType = sourcecode.swift; path = AddTaskView.swift; sourceTree = "<group>"; };
		930E0AAC29ED96660047BE91 /* SmallAddButton.swift */ = {isa = PBXFileReference; lastKnownFileType = sourcecode.swift; path = SmallAddButton.swift; sourceTree = "<group>"; };
		930E0AB329ED9AE30047BE91 /* RealmManager.swift */ = {isa = PBXFileReference; lastKnownFileType = sourcecode.swift; path = RealmManager.swift; sourceTree = "<group>"; };
		930E0AB529ED9BF40047BE91 /* Task.swift */ = {isa = PBXFileReference; lastKnownFileType = sourcecode.swift; path = Task.swift; sourceTree = "<group>"; };
/* End PBXFileReference section */

/* Begin PBXFrameworksBuildPhase section */
		930E0A9029ED89730047BE91 /* Frameworks */ = {
			isa = PBXFrameworksBuildPhase;
			buildActionMask = 2147483647;
			files = (
				930E0AB229ED9AA40047BE91 /* RealmSwift in Frameworks */,
				930E0AB029ED9AA40047BE91 /* Realm in Frameworks */,
			);
			runOnlyForDeploymentPostprocessing = 0;
		};
/* End PBXFrameworksBuildPhase section */

/* Begin PBXGroup section */
		930E0A8A29ED89730047BE91 = {
			isa = PBXGroup;
			children = (
				930E0A9529ED89730047BE91 /* ToDoAlmir */,
				930E0A9429ED89730047BE91 /* Products */,
			);
			sourceTree = "<group>";
		};
		930E0A9429ED89730047BE91 /* Products */ = {
			isa = PBXGroup;
			children = (
				930E0A9329ED89730047BE91 /* ToDoAlmir.app */,
			);
			name = Products;
			sourceTree = "<group>";
		};
		930E0A9529ED89730047BE91 /* ToDoAlmir */ = {
			isa = PBXGroup;
			children = (
				930E0AA729ED8AFD0047BE91 /* Components */,
				930E0AA629ED89D80047BE91 /* Views */,
				930E0A9629ED89730047BE91 /* ToDoAlmirApp.swift */,
				930E0A9A29ED89740047BE91 /* Assets.xcassets */,
				930E0A9C29ED89740047BE91 /* Preview Content */,
				930E0AB329ED9AE30047BE91 /* RealmManager.swift */,
				930E0AB529ED9BF40047BE91 /* Task.swift */,
			);
			path = ToDoAlmir;
			sourceTree = "<group>";
		};
		930E0A9C29ED89740047BE91 /* Preview Content */ = {
			isa = PBXGroup;
			children = (
				930E0A9D29ED89740047BE91 /* Preview Assets.xcassets */,
			);
			path = "Preview Content";
			sourceTree = "<group>";
		};
		930E0AA629ED89D80047BE91 /* Views */ = {
			isa = PBXGroup;
			children = (
				930E0AA429ED89C70047BE91 /* TasksView.swift */,
				930E0A9829ED89730047BE91 /* ContentView.swift */,
				930E0AAA29ED942D0047BE91 /* AddTaskView.swift */,
			);
			path = Views;
			sourceTree = "<group>";
		};
		930E0AA729ED8AFD0047BE91 /* Components */ = {
			isa = PBXGroup;
			children = (
				930E0AA829ED8B0F0047BE91 /* TaskRow.swift */,
				930E0AAC29ED96660047BE91 /* SmallAddButton.swift */,
			);
			path = Components;
			sourceTree = "<group>";
		};
/* End PBXGroup section */

/* Begin PBXNativeTarget section */
		930E0A9229ED89730047BE91 /* ToDoAlmir */ = {
			isa = PBXNativeTarget;
			buildConfigurationList = 930E0AA129ED89740047BE91 /* Build configuration list for PBXNativeTarget "ToDoAlmir" */;
			buildPhases = (
				930E0A8F29ED89730047BE91 /* Sources */,
				930E0A9029ED89730047BE91 /* Frameworks */,
				930E0A9129ED89730047BE91 /* Resources */,
			);
			buildRules = (
			);
			dependencies = (
			);
			name = ToDoAlmir;
			packageProductDependencies = (
				930E0AAF29ED9AA40047BE91 /* Realm */,
				930E0AB129ED9AA40047BE91 /* RealmSwift */,
			);
			productName = ToDoAlmir;
			productReference = 930E0A9329ED89730047BE91 /* ToDoAlmir.app */;
			productType = "com.apple.product-type.application";
		};
/* End PBXNativeTarget section */

/* Begin PBXProject section */
		930E0A8B29ED89730047BE91 /* Project object */ = {
			isa = PBXProject;
			attributes = {
				BuildIndependentTargetsInParallel = 1;
				LastSwiftUpdateCheck = 1430;
				LastUpgradeCheck = 1430;
				TargetAttributes = {
					930E0A9229ED89730047BE91 = {
						CreatedOnToolsVersion = 14.3;
					};
				};
			};
			buildConfigurationList = 930E0A8E29ED89730047BE91 /* Build configuration list for PBXProject "ToDoAlmir" */;
			compatibilityVersion = "Xcode 14.0";
			developmentRegion = en;
			hasScannedForEncodings = 0;
			knownRegions = (
				en,
				Base,
			);
			mainGroup = 930E0A8A29ED89730047BE91;
			packageReferences = (
				930E0AAE29ED9AA40047BE91 /* XCRemoteSwiftPackageReference "realm-swift" */,
			);
			productRefGroup = 930E0A9429ED89730047BE91 /* Products */;
			projectDirPath = "";
			projectRoot = "";
			targets = (
				930E0A9229ED89730047BE91 /* ToDoAlmir */,
			);
		};
/* End PBXProject section */

/* Begin PBXResourcesBuildPhase section */
		930E0A9129ED89730047BE91 /* Resources */ = {
			isa = PBXResourcesBuildPhase;
			buildActionMask = 2147483647;
			files = (
				930E0A9E29ED89740047BE91 /* Preview Assets.xcassets in Resources */,
				930E0A9B29ED89740047BE91 /* Assets.xcassets in Resources */,
			);
			runOnlyForDeploymentPostprocessing = 0;
		};
/* End PBXResourcesBuildPhase section */

/* Begin PBXSourcesBuildPhase section */
		930E0A8F29ED89730047BE91 /* Sources */ = {
			isa = PBXSourcesBuildPhase;
			buildActionMask = 2147483647;
			files = (
				930E0AB629ED9BF40047BE91 /* Task.swift in Sources */,
				930E0A9929ED89730047BE91 /* ContentView.swift in Sources */,
				930E0AAB29ED942D0047BE91 /* AddTaskView.swift in Sources */,
				930E0AA529ED89C70047BE91 /* TasksView.swift in Sources */,
				930E0AAD29ED96660047BE91 /* SmallAddButton.swift in Sources */,
				930E0A9729ED89730047BE91 /* ToDoAlmirApp.swift in Sources */,
				930E0AB429ED9AE30047BE91 /* RealmManager.swift in Sources */,
				930E0AA929ED8B0F0047BE91 /* TaskRow.swift in Sources */,
			);
			runOnlyForDeploymentPostprocessing = 0;
		};
/* End PBXSourcesBuildPhase section */

/* Begin XCBuildConfiguration section */
		930E0A9F29ED89740047BE91 /* Debug */ = {
			isa = XCBuildConfiguration;
			buildSettings = {
				ALWAYS_SEARCH_USER_PATHS = NO;
				CLANG_ANALYZER_NONNULL = YES;
				CLANG_ANALYZER_NUMBER_OBJECT_CONVERSION = YES_AGGRESSIVE;
				CLANG_CXX_LANGUAGE_STANDARD = "gnu++20";
				CLANG_ENABLE_MODULES = YES;
				CLANG_ENABLE_OBJC_ARC = YES;
				CLANG_ENABLE_OBJC_WEAK = YES;
				CLANG_WARN_BLOCK_CAPTURE_AUTORELEASING = YES;
				CLANG_WARN_BOOL_CONVERSION = YES;
				CLANG_WARN_COMMA = YES;
				CLANG_WARN_CONSTANT_CONVERSION = YES;
				CLANG_WARN_DEPRECATED_OBJC_IMPLEMENTATIONS = YES;
				CLANG_WARN_DIRECT_OBJC_ISA_USAGE = YES_ERROR;
				CLANG_WARN_DOCUMENTATION_COMMENTS = YES;
				CLANG_WARN_EMPTY_BODY = YES;
				CLANG_WARN_ENUM_CONVERSION = YES;
				CLANG_WARN_INFINITE_RECURSION = YES;
				CLANG_WARN_INT_CONVERSION = YES;
				CLANG_WARN_NON_LITERAL_NULL_CONVERSION = YES;
				CLANG_WARN_OBJC_IMPLICIT_RETAIN_SELF = YES;
				CLANG_WARN_OBJC_LITERAL_CONVERSION = YES;
				CLANG_WARN_OBJC_ROOT_CLASS = YES_ERROR;
				CLANG_WARN_QUOTED_INCLUDE_IN_FRAMEWORK_HEADER = YES;
				CLANG_WARN_RANGE_LOOP_ANALYSIS = YES;
				CLANG_WARN_STRICT_PROTOTYPES = YES;
				CLANG_WARN_SUSPICIOUS_MOVE = YES;
				CLANG_WARN_UNGUARDED_AVAILABILITY = YES_AGGRESSIVE;
				CLANG_WARN_UNREACHABLE_CODE = YES;
				CLANG_WARN__DUPLICATE_METHOD_MATCH = YES;
				COPY_PHASE_STRIP = NO;
				DEBUG_INFORMATION_FORMAT = dwarf;
				ENABLE_STRICT_OBJC_MSGSEND = YES;
				ENABLE_TESTABILITY = YES;
				GCC_C_LANGUAGE_STANDARD = gnu11;
				GCC_DYNAMIC_NO_PIC = NO;
				GCC_NO_COMMON_BLOCKS = YES;
				GCC_OPTIMIZATION_LEVEL = 0;
				GCC_PREPROCESSOR_DEFINITIONS = (
					"DEBUG=1",
					"$(inherited)",
				);
				GCC_WARN_64_TO_32_BIT_CONVERSION = YES;
				GCC_WARN_ABOUT_RETURN_TYPE = YES_ERROR;
				GCC_WARN_UNDECLARED_SELECTOR = YES;
				GCC_WARN_UNINITIALIZED_AUTOS = YES_AGGRESSIVE;
				GCC_WARN_UNUSED_FUNCTION = YES;
				GCC_WARN_UNUSED_VARIABLE = YES;
				IPHONEOS_DEPLOYMENT_TARGET = 16.4;
				MTL_ENABLE_DEBUG_INFO = INCLUDE_SOURCE;
				MTL_FAST_MATH = YES;
				ONLY_ACTIVE_ARCH = YES;
				SDKROOT = iphoneos;
				SWIFT_ACTIVE_COMPILATION_CONDITIONS = DEBUG;
				SWIFT_OPTIMIZATION_LEVEL = "-Onone";
			};
			name = Debug;
		};
		930E0AA029ED89740047BE91 /* Release */ = {
			isa = XCBuildConfiguration;
			buildSettings = {
				ALWAYS_SEARCH_USER_PATHS = NO;
				CLANG_ANALYZER_NONNULL = YES;
				CLANG_ANALYZER_NUMBER_OBJECT_CONVERSION = YES_AGGRESSIVE;
				CLANG_CXX_LANGUAGE_STANDARD = "gnu++20";
				CLANG_ENABLE_MODULES = YES;
				CLANG_ENABLE_OBJC_ARC = YES;
				CLANG_ENABLE_OBJC_WEAK = YES;
				CLANG_WARN_BLOCK_CAPTURE_AUTORELEASING = YES;
				CLANG_WARN_BOOL_CONVERSION = YES;
				CLANG_WARN_COMMA = YES;
				CLANG_WARN_CONSTANT_CONVERSION = YES;
				CLANG_WARN_DEPRECATED_OBJC_IMPLEMENTATIONS = YES;
				CLANG_WARN_DIRECT_OBJC_ISA_USAGE = YES_ERROR;
				CLANG_WARN_DOCUMENTATION_COMMENTS = YES;
				CLANG_WARN_EMPTY_BODY = YES;
				CLANG_WARN_ENUM_CONVERSION = YES;
				CLANG_WARN_INFINITE_RECURSION = YES;
				CLANG_WARN_INT_CONVERSION = YES;
				CLANG_WARN_NON_LITERAL_NULL_CONVERSION = YES;
				CLANG_WARN_OBJC_IMPLICIT_RETAIN_SELF = YES;
				CLANG_WARN_OBJC_LITERAL_CONVERSION = YES;
				CLANG_WARN_OBJC_ROOT_CLASS = YES_ERROR;
				CLANG_WARN_QUOTED_INCLUDE_IN_FRAMEWORK_HEADER = YES;
				CLANG_WARN_RANGE_LOOP_ANALYSIS = YES;
				CLANG_WARN_STRICT_PROTOTYPES = YES;
				CLANG_WARN_SUSPICIOUS_MOVE = YES;
				CLANG_WARN_UNGUARDED_AVAILABILITY = YES_AGGRESSIVE;
				CLANG_WARN_UNREACHABLE_CODE = YES;
				CLANG_WARN__DUPLICATE_METHOD_MATCH = YES;
				COPY_PHASE_STRIP = NO;
				DEBUG_INFORMATION_FORMAT = "dwarf-with-dsym";
				ENABLE_NS_ASSERTIONS = NO;
				ENABLE_STRICT_OBJC_MSGSEND = YES;
				GCC_C_LANGUAGE_STANDARD = gnu11;
				GCC_NO_COMMON_BLOCKS = YES;
				GCC_WARN_64_TO_32_BIT_CONVERSION = YES;
				GCC_WARN_ABOUT_RETURN_TYPE = YES_ERROR;
				GCC_WARN_UNDECLARED_SELECTOR = YES;
				GCC_WARN_UNINITIALIZED_AUTOS = YES_AGGRESSIVE;
				GCC_WARN_UNUSED_FUNCTION = YES;
				GCC_WARN_UNUSED_VARIABLE = YES;
				IPHONEOS_DEPLOYMENT_TARGET = 16.4;
				MTL_ENABLE_DEBUG_INFO = NO;
				MTL_FAST_MATH = YES;
				SDKROOT = iphoneos;
				SWIFT_COMPILATION_MODE = wholemodule;
				SWIFT_OPTIMIZATION_LEVEL = "-O";
				VALIDATE_PRODUCT = YES;
			};
			name = Release;
		};
		930E0AA229ED89740047BE91 /* Debug */ = {
			isa = XCBuildConfiguration;
			buildSettings = {
				ASSETCATALOG_COMPILER_APPICON_NAME = AppIcon;
				ASSETCATALOG_COMPILER_GLOBAL_ACCENT_COLOR_NAME = AccentColor;
				CODE_SIGN_STYLE = Automatic;
				CURRENT_PROJECT_VERSION = 1;
				DEVELOPMENT_ASSET_PATHS = "\"ToDoAlmir/Preview Content\"";
				DEVELOPMENT_TEAM = 39447ZCN9T;
				ENABLE_PREVIEWS = YES;
				GENERATE_INFOPLIST_FILE = YES;
				INFOPLIST_KEY_UIApplicationSceneManifest_Generation = YES;
				INFOPLIST_KEY_UIApplicationSupportsIndirectInputEvents = YES;
				INFOPLIST_KEY_UILaunchScreen_Generation = YES;
				INFOPLIST_KEY_UISupportedInterfaceOrientations_iPad = "UIInterfaceOrientationPortrait UIInterfaceOrientationPortraitUpsideDown UIInterfaceOrientationLandscapeLeft UIInterfaceOrientationLandscapeRight";
				INFOPLIST_KEY_UISupportedInterfaceOrientations_iPhone = "UIInterfaceOrientationPortrait UIInterfaceOrientationLandscapeLeft UIInterfaceOrientationLandscapeRight";
				LD_RUNPATH_SEARCH_PATHS = (
					"$(inherited)",
					"@executable_path/Frameworks",
				);
				MARKETING_VERSION = 1.0;
				PRODUCT_BUNDLE_IDENTIFIER = almirApp.ToDoAlmir;
				PRODUCT_NAME = "$(TARGET_NAME)";
				SWIFT_EMIT_LOC_STRINGS = YES;
				SWIFT_VERSION = 5.0;
				TARGETED_DEVICE_FAMILY = "1,2";
			};
			name = Debug;
		};
		930E0AA329ED89740047BE91 /* Release */ = {
			isa = XCBuildConfiguration;
			buildSettings = {
				ASSETCATALOG_COMPILER_APPICON_NAME = AppIcon;
				ASSETCATALOG_COMPILER_GLOBAL_ACCENT_COLOR_NAME = AccentColor;
				CODE_SIGN_STYLE = Automatic;
				CURRENT_PROJECT_VERSION = 1;
				DEVELOPMENT_ASSET_PATHS = "\"ToDoAlmir/Preview Content\"";
				DEVELOPMENT_TEAM = 39447ZCN9T;
				ENABLE_PREVIEWS = YES;
				GENERATE_INFOPLIST_FILE = YES;
				INFOPLIST_KEY_UIApplicationSceneManifest_Generation = YES;
				INFOPLIST_KEY_UIApplicationSupportsIndirectInputEvents = YES;
				INFOPLIST_KEY_UILaunchScreen_Generation = YES;
				INFOPLIST_KEY_UISupportedInterfaceOrientations_iPad = "UIInterfaceOrientationPortrait UIInterfaceOrientationPortraitUpsideDown UIInterfaceOrientationLandscapeLeft UIInterfaceOrientationLandscapeRight";
				INFOPLIST_KEY_UISupportedInterfaceOrientations_iPhone = "UIInterfaceOrientationPortrait UIInterfaceOrientationLandscapeLeft UIInterfaceOrientationLandscapeRight";
				LD_RUNPATH_SEARCH_PATHS = (
					"$(inherited)",
					"@executable_path/Frameworks",
				);
				MARKETING_VERSION = 1.0;
				PRODUCT_BUNDLE_IDENTIFIER = almirApp.ToDoAlmir;
				PRODUCT_NAME = "$(TARGET_NAME)";
				SWIFT_EMIT_LOC_STRINGS = YES;
				SWIFT_VERSION = 5.0;
				TARGETED_DEVICE_FAMILY = "1,2";
			};
			name = Release;
		};
/* End XCBuildConfiguration section */

/* Begin XCConfigurationList section */
		930E0A8E29ED89730047BE91 /* Build configuration list for PBXProject "ToDoAlmir" */ = {
			isa = XCConfigurationList;
			buildConfigurations = (
				930E0A9F29ED89740047BE91 /* Debug */,
				930E0AA029ED89740047BE91 /* Release */,
			);
			defaultConfigurationIsVisible = 0;
			defaultConfigurationName = Release;
		};
		930E0AA129ED89740047BE91 /* Build configuration list for PBXNativeTarget "ToDoAlmir" */ = {
			isa = XCConfigurationList;
			buildConfigurations = (
				930E0AA229ED89740047BE91 /* Debug */,
				930E0AA329ED89740047BE91 /* Release */,
			);
			defaultConfigurationIsVisible = 0;
			defaultConfigurationName = Release;
		};
/* End XCConfigurationList section */

/* Begin XCRemoteSwiftPackageReference section */
		930E0AAE29ED9AA40047BE91 /* XCRemoteSwiftPackageReference "realm-swift" */ = {
			isa = XCRemoteSwiftPackageReference;
			repositoryURL = "https://github.com/realm/realm-swift";
			requirement = {
				kind = upToNextMajorVersion;
				minimumVersion = 10.10.0;
			};
		};
/* End XCRemoteSwiftPackageReference section */

/* Begin XCSwiftPackageProductDependency section */
		930E0AAF29ED9AA40047BE91 /* Realm */ = {
			isa = XCSwiftPackageProductDependency;
			package = 930E0AAE29ED9AA40047BE91 /* XCRemoteSwiftPackageReference "realm-swift" */;
			productName = Realm;
		};
		930E0AB129ED9AA40047BE91 /* RealmSwift */ = {
			isa = XCSwiftPackageProductDependency;
			package = 930E0AAE29ED9AA40047BE91 /* XCRemoteSwiftPackageReference "realm-swift" */;
			productName = RealmSwift;
		};
/* End XCSwiftPackageProductDependency section */
	};
	rootObject = 930E0A8B29ED89730047BE91 /* Project object */;
}
